
Microsoft Visual Studio Solution File, Format Version 12.00
# Visual Studio Version 16
VisualStudioVersion = 16.0.31321.278
MinimumVisualStudioVersion = 10.0.40219.1
Project("{9A19103F-16F7-4668-BE54-9A1E7A4F7556}") = "ApplicationCore", "ApplicationCore\ApplicationCore.csproj", "{E438B147-F65B-4B58-948D-6476FF071652}"
EndProject
Project("{2150E333-8FDC-42A3-9474-1A3956D46DE8}") = "src", "src", "{E64EE8C9-5A46-4D31-92EF-BD360A031DA1}"
EndProject
Project("{2150E333-8FDC-42A3-9474-1A3956D46DE8}") = "tests", "tests", "{77282211-E683-480F-8832-C9791B0DDA16}"
EndProject
Project("{9A19103F-16F7-4668-BE54-9A1E7A4F7556}") = "API", "API\API.csproj", "{3880EC52-636F-45DE-A9ED-F4AD05EA9732}"
EndProject
Project("{9A19103F-16F7-4668-BE54-9A1E7A4F7556}") = "Infrastructure", "Infrastructure\Infrastructure.csproj", "{646114A0-9A33-4867-AF42-6BC32EDA9DB3}"
	ProjectSection(ProjectDependencies) = postProject
		{E438B147-F65B-4B58-948D-6476FF071652} = {E438B147-F65B-4B58-948D-6476FF071652}
	EndProjectSection
EndProject
Project("{00D1A9C2-B5F0-4AF3-8072-F6C62B433612}") = "EsquiloMoneyDB", "EsquiloMoneyDB\EsquiloMoneyDB.sqlproj", "{163BD576-F3D8-402B-B28E-F07E603A778D}"
EndProject
Global
	GlobalSection(SolutionConfigurationPlatforms) = preSolution
		Debug|Any CPU = Debug|Any CPU
		Release|Any CPU = Release|Any CPU
	EndGlobalSection
	GlobalSection(ProjectConfigurationPlatforms) = postSolution
		{E438B147-F65B-4B58-948D-6476FF071652}.Debug|Any CPU.ActiveCfg = Debug|Any CPU
		{E438B147-F65B-4B58-948D-6476FF071652}.Debug|Any CPU.Build.0 = Debug|Any CPU
		{E438B147-F65B-4B58-948D-6476FF071652}.Release|Any CPU.ActiveCfg = Release|Any CPU
		{E438B147-F65B-4B58-948D-6476FF071652}.Release|Any CPU.Build.0 = Release|Any CPU
		{3880EC52-636F-45DE-A9ED-F4AD05EA9732}.Debug|Any CPU.ActiveCfg = Debug|Any CPU
		{3880EC52-636F-45DE-A9ED-F4AD05EA9732}.Debug|Any CPU.Build.0 = Debug|Any CPU
		{3880EC52-636F-45DE-A9ED-F4AD05EA9732}.Release|Any CPU.ActiveCfg = Release|Any CPU
		{3880EC52-636F-45DE-A9ED-F4AD05EA9732}.Release|Any CPU.Build.0 = Release|Any CPU
		{646114A0-9A33-4867-AF42-6BC32EDA9DB3}.Debug|Any CPU.ActiveCfg = Debug|Any CPU
		{646114A0-9A33-4867-AF42-6BC32EDA9DB3}.Debug|Any CPU.Build.0 = Debug|Any CPU
		{646114A0-9A33-4867-AF42-6BC32EDA9DB3}.Release|Any CPU.ActiveCfg = Release|Any CPU
		{646114A0-9A33-4867-AF42-6BC32EDA9DB3}.Release|Any CPU.Build.0 = Release|Any CPU
		{163BD576-F3D8-402B-B28E-F07E603A778D}.Debug|Any CPU.ActiveCfg = Debug|Any CPU
		{163BD576-F3D8-402B-B28E-F07E603A778D}.Debug|Any CPU.Build.0 = Debug|Any CPU
		{163BD576-F3D8-402B-B28E-F07E603A778D}.Debug|Any CPU.Deploy.0 = Debug|Any CPU
		{163BD576-F3D8-402B-B28E-F07E603A778D}.Release|Any CPU.ActiveCfg = Release|Any CPU
		{163BD576-F3D8-402B-B28E-F07E603A778D}.Release|Any CPU.Build.0 = Release|Any CPU
		{163BD576-F3D8-402B-B28E-F07E603A778D}.Release|Any CPU.Deploy.0 = Release|Any CPU
	EndGlobalSection
	GlobalSection(SolutionProperties) = preSolution
		HideSolutionNode = FALSE
	EndGlobalSection
	GlobalSection(NestedProjects) = preSolution
		{E438B147-F65B-4B58-948D-6476FF071652} = {E64EE8C9-5A46-4D31-92EF-BD360A031DA1}
		{3880EC52-636F-45DE-A9ED-F4AD05EA9732} = {E64EE8C9-5A46-4D31-92EF-BD360A031DA1}
		{646114A0-9A33-4867-AF42-6BC32EDA9DB3} = {E64EE8C9-5A46-4D31-92EF-BD360A031DA1}
		{163BD576-F3D8-402B-B28E-F07E603A778D} = {E64EE8C9-5A46-4D31-92EF-BD360A031DA1}
	EndGlobalSection
	GlobalSection(ExtensibilityGlobals) = postSolution
		SolutionGuid = {6857B106-24F4-443A-B630-36E1374AC615}
	EndGlobalSection
EndGlobal
